// !$*UTF8*$!
{
	archiveVersion = 1;
	classes = {
	};
	objectVersion = 56;
	objects = {

/* Begin PBXBuildFile section */
		8420E16029F19757001A7780 /* RecipeDetailsViewController.swift in Sources */ = {isa = PBXBuildFile; fileRef = 8420E15F29F19757001A7780 /* RecipeDetailsViewController.swift */; };
		844F445529EED68600464FEE /* SavedRecipes.storyboard in Resources */ = {isa = PBXBuildFile; fileRef = 844F445429EED68600464FEE /* SavedRecipes.storyboard */; };
		844F445729EEE69600464FEE /* SavedRecipesViewController.swift in Sources */ = {isa = PBXBuildFile; fileRef = 844F445629EEE69600464FEE /* SavedRecipesViewController.swift */; };
		844F445929EEFCE700464FEE /* RecipeTableViewCell.swift in Sources */ = {isa = PBXBuildFile; fileRef = 844F445829EEFCE700464FEE /* RecipeTableViewCell.swift */; };
		9D39F38A29F18EB6000955C1 /* Newtork Call Funcs.swift in Sources */ = {isa = PBXBuildFile; fileRef = 9D39F38929F18EB6000955C1 /* Newtork Call Funcs.swift */; };
		9D39F38C29F19247000955C1 /* Ingredients.storyboard in Resources */ = {isa = PBXBuildFile; fileRef = 9D39F38B29F19247000955C1 /* Ingredients.storyboard */; };
		9D9DF43F29ED9088007D1222 /* RecipieFinderViewController.swift in Sources */ = {isa = PBXBuildFile; fileRef = 9D9DF43E29ED9088007D1222 /* RecipieFinderViewController.swift */; };
		9F1CBD3E29ED98D0000259B7 /* Recipe Finder.storyboard in Resources */ = {isa = PBXBuildFile; fileRef = 9F1CBD3D29ED98D0000259B7 /* Recipe Finder.storyboard */; };
		9F1CBD4029ED991E000259B7 /* Calendar View.storyboard in Resources */ = {isa = PBXBuildFile; fileRef = 9F1CBD3F29ED991E000259B7 /* Calendar View.storyboard */; };
		9F45F0DC29F6C718004FDBD7 /* AddMealViewController.swift in Sources */ = {isa = PBXBuildFile; fileRef = 9F45F0DB29F6C718004FDBD7 /* AddMealViewController.swift */; };
		9F60640F29F2DDF60024584D /* MealCell.swift in Sources */ = {isa = PBXBuildFile; fileRef = 9F60640E29F2DDF60024584D /* MealCell.swift */; };
		9F88E5DB29ED8A6A009F8B79 /* AppDelegate.swift in Sources */ = {isa = PBXBuildFile; fileRef = 9F88E5DA29ED8A6A009F8B79 /* AppDelegate.swift */; };
		9F88E5DD29ED8A6A009F8B79 /* SceneDelegate.swift in Sources */ = {isa = PBXBuildFile; fileRef = 9F88E5DC29ED8A6A009F8B79 /* SceneDelegate.swift */; };
		9F88E5E229ED8A6A009F8B79 /* Main.storyboard in Resources */ = {isa = PBXBuildFile; fileRef = 9F88E5E029ED8A6A009F8B79 /* Main.storyboard */; };
		9F88E5E429ED8A6B009F8B79 /* Assets.xcassets in Resources */ = {isa = PBXBuildFile; fileRef = 9F88E5E329ED8A6B009F8B79 /* Assets.xcassets */; };
		9F88E5E729ED8A6B009F8B79 /* LaunchScreen.storyboard in Resources */ = {isa = PBXBuildFile; fileRef = 9F88E5E529ED8A6B009F8B79 /* LaunchScreen.storyboard */; };
		9F9BEC0B29EED6C000C4AB9C /* Ingredient.swift in Sources */ = {isa = PBXBuildFile; fileRef = 9F9BEC0A29EED6C000C4AB9C /* Ingredient.swift */; };
		9F9BEC0D29EED6D300C4AB9C /* Recipe.swift in Sources */ = {isa = PBXBuildFile; fileRef = 9F9BEC0C29EED6D300C4AB9C /* Recipe.swift */; };
		9F9BEC1029EED71500C4AB9C /* Day.swift in Sources */ = {isa = PBXBuildFile; fileRef = 9F9BEC0F29EED71500C4AB9C /* Day.swift */; };
		FF012C1029F1846D00E7033D /* CalendarView.swift in Sources */ = {isa = PBXBuildFile; fileRef = FF012C0F29F1846D00E7033D /* CalendarView.swift */; };
/* End PBXBuildFile section */

/* Begin PBXFileReference section */
		8420E15F29F19757001A7780 /* RecipeDetailsViewController.swift */ = {isa = PBXFileReference; lastKnownFileType = sourcecode.swift; path = RecipeDetailsViewController.swift; sourceTree = "<group>"; };
		844F445429EED68600464FEE /* SavedRecipes.storyboard */ = {isa = PBXFileReference; lastKnownFileType = file.storyboard; path = SavedRecipes.storyboard; sourceTree = "<group>"; };
		844F445629EEE69600464FEE /* SavedRecipesViewController.swift */ = {isa = PBXFileReference; lastKnownFileType = sourcecode.swift; path = SavedRecipesViewController.swift; sourceTree = "<group>"; };
		844F445829EEFCE700464FEE /* RecipeTableViewCell.swift */ = {isa = PBXFileReference; lastKnownFileType = sourcecode.swift; path = RecipeTableViewCell.swift; sourceTree = "<group>"; };
		9D39F38929F18EB6000955C1 /* Newtork Call Funcs.swift */ = {isa = PBXFileReference; lastKnownFileType = sourcecode.swift; path = "Newtork Call Funcs.swift"; sourceTree = "<group>"; };
		9D39F38B29F19247000955C1 /* Ingredients.storyboard */ = {isa = PBXFileReference; lastKnownFileType = file.storyboard; path = Ingredients.storyboard; sourceTree = "<group>"; };
		9D39F39029F2DE6B000955C1 /* Ingredients */ = {isa = PBXFileReference; lastKnownFileType = folder; path = Ingredients; sourceTree = "<group>"; };
		9D9DF43E29ED9088007D1222 /* RecipieFinderViewController.swift */ = {isa = PBXFileReference; lastKnownFileType = sourcecode.swift; path = RecipieFinderViewController.swift; sourceTree = "<group>"; };
		9F1CBD3D29ED98D0000259B7 /* Recipe Finder.storyboard */ = {isa = PBXFileReference; lastKnownFileType = file.storyboard; name = "Recipe Finder.storyboard"; path = "../../Recipe Finder.storyboard"; sourceTree = "<group>"; };
		9F1CBD3F29ED991E000259B7 /* Calendar View.storyboard */ = {isa = PBXFileReference; lastKnownFileType = file.storyboard; path = "Calendar View.storyboard"; sourceTree = "<group>"; };
		9F45F0DB29F6C718004FDBD7 /* AddMealViewController.swift */ = {isa = PBXFileReference; lastKnownFileType = sourcecode.swift; path = AddMealViewController.swift; sourceTree = "<group>"; };
		9F60640E29F2DDF60024584D /* MealCell.swift */ = {isa = PBXFileReference; lastKnownFileType = sourcecode.swift; path = MealCell.swift; sourceTree = "<group>"; };
		9F88E5D729ED8A6A009F8B79 /* Meal Planner.app */ = {isa = PBXFileReference; explicitFileType = wrapper.application; includeInIndex = 0; path = "Meal Planner.app"; sourceTree = BUILT_PRODUCTS_DIR; };
		9F88E5DA29ED8A6A009F8B79 /* AppDelegate.swift */ = {isa = PBXFileReference; lastKnownFileType = sourcecode.swift; path = AppDelegate.swift; sourceTree = "<group>"; };
		9F88E5DC29ED8A6A009F8B79 /* SceneDelegate.swift */ = {isa = PBXFileReference; lastKnownFileType = sourcecode.swift; path = SceneDelegate.swift; sourceTree = "<group>"; };
		9F88E5E129ED8A6A009F8B79 /* Base */ = {isa = PBXFileReference; lastKnownFileType = file.storyboard; name = Base; path = Base.lproj/Main.storyboard; sourceTree = "<group>"; };
		9F88E5E329ED8A6B009F8B79 /* Assets.xcassets */ = {isa = PBXFileReference; lastKnownFileType = folder.assetcatalog; path = Assets.xcassets; sourceTree = "<group>"; };
		9F88E5E629ED8A6B009F8B79 /* Base */ = {isa = PBXFileReference; lastKnownFileType = file.storyboard; name = Base; path = Base.lproj/LaunchScreen.storyboard; sourceTree = "<group>"; };
		9F88E5E829ED8A6B009F8B79 /* Info.plist */ = {isa = PBXFileReference; lastKnownFileType = text.plist.xml; path = Info.plist; sourceTree = "<group>"; };
		9F9BEC0A29EED6C000C4AB9C /* Ingredient.swift */ = {isa = PBXFileReference; lastKnownFileType = sourcecode.swift; path = Ingredient.swift; sourceTree = "<group>"; };
		9F9BEC0C29EED6D300C4AB9C /* Recipe.swift */ = {isa = PBXFileReference; lastKnownFileType = sourcecode.swift; path = Recipe.swift; sourceTree = "<group>"; };
		9F9BEC0F29EED71500C4AB9C /* Day.swift */ = {isa = PBXFileReference; lastKnownFileType = sourcecode.swift; path = Day.swift; sourceTree = "<group>"; };
		FF012C0F29F1846D00E7033D /* CalendarView.swift */ = {isa = PBXFileReference; fileEncoding = 4; lastKnownFileType = sourcecode.swift; path = CalendarView.swift; sourceTree = "<group>"; };
/* End PBXFileReference section */

/* Begin PBXFrameworksBuildPhase section */
		9F88E5D429ED8A6A009F8B79 /* Frameworks */ = {
			isa = PBXFrameworksBuildPhase;
			buildActionMask = 2147483647;
			files = (
			);
			runOnlyForDeploymentPostprocessing = 0;
		};
/* End PBXFrameworksBuildPhase section */

/* Begin PBXGroup section */
		9D39F38829F18E95000955C1 /* API Master Hub */ = {
			isa = PBXGroup;
			children = (
				9D39F38929F18EB6000955C1 /* Newtork Call Funcs.swift */,
			);
			path = "API Master Hub";
			sourceTree = "<group>";
		};
		9D39F39529F2E1C1000955C1 /* Recovered References */ = {
			isa = PBXGroup;
			children = (
			);
			name = "Recovered References";
			sourceTree = "<group>";
		};
		9D9DF43829ED8F9D007D1222 /* Storyboard Screens */ = {
			isa = PBXGroup;
			children = (
				9F88E5E029ED8A6A009F8B79 /* Main.storyboard */,
				9F1CBD3D29ED98D0000259B7 /* Recipe Finder.storyboard */,
				844F445429EED68600464FEE /* SavedRecipes.storyboard */,
				9D39F38B29F19247000955C1 /* Ingredients.storyboard */,
				9D39F39029F2DE6B000955C1 /* Ingredients */,
			);
			path = "Storyboard Screens";
			sourceTree = "<group>";
		};
		9D9DF43929ED8FAF007D1222 /* View Controllers */ = {
			isa = PBXGroup;
			children = (
				9D9DF43E29ED9088007D1222 /* RecipieFinderViewController.swift */,
				844F445629EEE69600464FEE /* SavedRecipesViewController.swift */,
			);
			path = "View Controllers";
			sourceTree = "<group>";
		};
		9F45F0D429F03F07004FDBD7 /* Calendars */ = {
			isa = PBXGroup;
			children = (
				FF012C0F29F1846D00E7033D /* CalendarView.swift */,
				9F1CBD3F29ED991E000259B7 /* Calendar View.storyboard */,
				9F45F0DB29F6C718004FDBD7 /* AddMealViewController.swift */,
				9F60640E29F2DDF60024584D /* MealCell.swift */,
			);
			path = Calendars;
			sourceTree = "<group>";
		};
		9F88E5CE29ED8A6A009F8B79 = {
			isa = PBXGroup;
			children = (
				9F88E5D929ED8A6A009F8B79 /* Meal Planner */,
				9F88E5D829ED8A6A009F8B79 /* Products */,
				9D39F39529F2E1C1000955C1 /* Recovered References */,
			);
			sourceTree = "<group>";
		};
		9F88E5D829ED8A6A009F8B79 /* Products */ = {
			isa = PBXGroup;
			children = (
				9F88E5D729ED8A6A009F8B79 /* Meal Planner.app */,
			);
			name = Products;
			sourceTree = "<group>";
		};
		9F88E5D929ED8A6A009F8B79 /* Meal Planner */ = {
			isa = PBXGroup;
			children = (
				9D39F38829F18E95000955C1 /* API Master Hub */,
				844F445829EEFCE700464FEE /* RecipeTableViewCell.swift */,
				8420E15F29F19757001A7780 /* RecipeDetailsViewController.swift */,
				9F9BEC0E29EED6F600C4AB9C /* Objects */,
				9D9DF43929ED8FAF007D1222 /* View Controllers */,
				9D9DF43829ED8F9D007D1222 /* Storyboard Screens */,
				9F88E5DA29ED8A6A009F8B79 /* AppDelegate.swift */,
				9F88E5DC29ED8A6A009F8B79 /* SceneDelegate.swift */,
				9F45F0D429F03F07004FDBD7 /* Calendars */,
				9F88E5E329ED8A6B009F8B79 /* Assets.xcassets */,
				9F88E5E529ED8A6B009F8B79 /* LaunchScreen.storyboard */,
				9F88E5E829ED8A6B009F8B79 /* Info.plist */,
			);
			path = "Meal Planner";
			sourceTree = "<group>";
		};
		9F9BEC0E29EED6F600C4AB9C /* Objects */ = {
			isa = PBXGroup;
			children = (
				9F9BEC0A29EED6C000C4AB9C /* Ingredient.swift */,
				9F9BEC0C29EED6D300C4AB9C /* Recipe.swift */,
				9F9BEC0F29EED71500C4AB9C /* Day.swift */,
			);
			path = Objects;
			sourceTree = "<group>";
		};
/* End PBXGroup section */

/* Begin PBXNativeTarget section */
		9F88E5D629ED8A6A009F8B79 /* Meal Planner */ = {
			isa = PBXNativeTarget;
			buildConfigurationList = 9F88E5EB29ED8A6B009F8B79 /* Build configuration list for PBXNativeTarget "Meal Planner" */;
			buildPhases = (
				9F88E5D329ED8A6A009F8B79 /* Sources */,
				9F88E5D429ED8A6A009F8B79 /* Frameworks */,
				9F88E5D529ED8A6A009F8B79 /* Resources */,
			);
			buildRules = (
			);
			dependencies = (
			);
			name = "Meal Planner";
			packageProductDependencies = (
			);
			productName = "Meal Planner";
			productReference = 9F88E5D729ED8A6A009F8B79 /* Meal Planner.app */;
			productType = "com.apple.product-type.application";
		};
/* End PBXNativeTarget section */

/* Begin PBXProject section */
		9F88E5CF29ED8A6A009F8B79 /* Project object */ = {
			isa = PBXProject;
			attributes = {
				BuildIndependentTargetsInParallel = 1;
				LastSwiftUpdateCheck = 1430;
				LastUpgradeCheck = 1430;
				TargetAttributes = {
					9F88E5D629ED8A6A009F8B79 = {
						CreatedOnToolsVersion = 14.3;
					};
				};
			};
			buildConfigurationList = 9F88E5D229ED8A6A009F8B79 /* Build configuration list for PBXProject "Meal Planner" */;
			compatibilityVersion = "Xcode 14.0";
			developmentRegion = en;
			hasScannedForEncodings = 0;
			knownRegions = (
				en,
				Base,
			);
			mainGroup = 9F88E5CE29ED8A6A009F8B79;
			packageReferences = (
			);
			productRefGroup = 9F88E5D829ED8A6A009F8B79 /* Products */;
			projectDirPath = "";
			projectRoot = "";
			targets = (
				9F88E5D629ED8A6A009F8B79 /* Meal Planner */,
			);
		};
/* End PBXProject section */

/* Begin PBXResourcesBuildPhase section */
		9F88E5D529ED8A6A009F8B79 /* Resources */ = {
			isa = PBXResourcesBuildPhase;
			buildActionMask = 2147483647;
			files = (
				9F88E5E729ED8A6B009F8B79 /* LaunchScreen.storyboard in Resources */,
				9F88E5E429ED8A6B009F8B79 /* Assets.xcassets in Resources */,
				9F88E5E229ED8A6A009F8B79 /* Main.storyboard in Resources */,
				9F1CBD3E29ED98D0000259B7 /* Recipe Finder.storyboard in Resources */,
				844F445529EED68600464FEE /* SavedRecipes.storyboard in Resources */,
				9F1CBD4029ED991E000259B7 /* Calendar View.storyboard in Resources */,
				9D39F38C29F19247000955C1 /* Ingredients.storyboard in Resources */,
			);
			runOnlyForDeploymentPostprocessing = 0;
		};
/* End PBXResourcesBuildPhase section */

/* Begin PBXSourcesBuildPhase section */
		9F88E5D329ED8A6A009F8B79 /* Sources */ = {
			isa = PBXSourcesBuildPhase;
			buildActionMask = 2147483647;
			files = (
				844F445729EEE69600464FEE /* SavedRecipesViewController.swift in Sources */,
				9F9BEC1029EED71500C4AB9C /* Day.swift in Sources */,
				9F88E5DB29ED8A6A009F8B79 /* AppDelegate.swift in Sources */,
				9F88E5DD29ED8A6A009F8B79 /* SceneDelegate.swift in Sources */,
				9F60640F29F2DDF60024584D /* MealCell.swift in Sources */,
				9F9BEC0B29EED6C000C4AB9C /* Ingredient.swift in Sources */,
				FF012C1029F1846D00E7033D /* CalendarView.swift in Sources */,
				8420E16029F19757001A7780 /* RecipeDetailsViewController.swift in Sources */,
				9F9BEC0D29EED6D300C4AB9C /* Recipe.swift in Sources */,
				9D39F38A29F18EB6000955C1 /* Newtork Call Funcs.swift in Sources */,
				844F445929EEFCE700464FEE /* RecipeTableViewCell.swift in Sources */,
				9D9DF43F29ED9088007D1222 /* RecipieFinderViewController.swift in Sources */,
				9F45F0DC29F6C718004FDBD7 /* AddMealViewController.swift in Sources */,
				9D9DF43F29ED9088007D1222 /* RecipieFinderViewController.swift in Sources */,
			);
			runOnlyForDeploymentPostprocessing = 0;
		};
/* End PBXSourcesBuildPhase section */

/* Begin PBXVariantGroup section */
		9F88E5E029ED8A6A009F8B79 /* Main.storyboard */ = {
			isa = PBXVariantGroup;
			children = (
				9F88E5E129ED8A6A009F8B79 /* Base */,
			);
			name = Main.storyboard;
			sourceTree = "<group>";
		};
		9F88E5E529ED8A6B009F8B79 /* LaunchScreen.storyboard */ = {
			isa = PBXVariantGroup;
			children = (
				9F88E5E629ED8A6B009F8B79 /* Base */,
			);
			name = LaunchScreen.storyboard;
			sourceTree = "<group>";
		};
/* End PBXVariantGroup section */

/* Begin XCBuildConfiguration section */
		9F88E5E929ED8A6B009F8B79 /* Debug */ = {
			isa = XCBuildConfiguration;
			buildSettings = {
				ALWAYS_SEARCH_USER_PATHS = NO;
				CLANG_ANALYZER_NONNULL = YES;
				CLANG_ANALYZER_NUMBER_OBJECT_CONVERSION = YES_AGGRESSIVE;
				CLANG_CXX_LANGUAGE_STANDARD = "gnu++20";
				CLANG_ENABLE_MODULES = YES;
				CLANG_ENABLE_OBJC_ARC = YES;
				CLANG_ENABLE_OBJC_WEAK = YES;
				CLANG_WARN_BLOCK_CAPTURE_AUTORELEASING = YES;
				CLANG_WARN_BOOL_CONVERSION = YES;
				CLANG_WARN_COMMA = YES;
				CLANG_WARN_CONSTANT_CONVERSION = YES;
				CLANG_WARN_DEPRECATED_OBJC_IMPLEMENTATIONS = YES;
				CLANG_WARN_DIRECT_OBJC_ISA_USAGE = YES_ERROR;
				CLANG_WARN_DOCUMENTATION_COMMENTS = YES;
				CLANG_WARN_EMPTY_BODY = YES;
				CLANG_WARN_ENUM_CONVERSION = YES;
				CLANG_WARN_INFINITE_RECURSION = YES;
				CLANG_WARN_INT_CONVERSION = YES;
				CLANG_WARN_NON_LITERAL_NULL_CONVERSION = YES;
				CLANG_WARN_OBJC_IMPLICIT_RETAIN_SELF = YES;
				CLANG_WARN_OBJC_LITERAL_CONVERSION = YES;
				CLANG_WARN_OBJC_ROOT_CLASS = YES_ERROR;
				CLANG_WARN_QUOTED_INCLUDE_IN_FRAMEWORK_HEADER = YES;
				CLANG_WARN_RANGE_LOOP_ANALYSIS = YES;
				CLANG_WARN_STRICT_PROTOTYPES = YES;
				CLANG_WARN_SUSPICIOUS_MOVE = YES;
				CLANG_WARN_UNGUARDED_AVAILABILITY = YES_AGGRESSIVE;
				CLANG_WARN_UNREACHABLE_CODE = YES;
				CLANG_WARN__DUPLICATE_METHOD_MATCH = YES;
				COPY_PHASE_STRIP = NO;
				DEBUG_INFORMATION_FORMAT = dwarf;
				ENABLE_STRICT_OBJC_MSGSEND = YES;
				ENABLE_TESTABILITY = YES;
				GCC_C_LANGUAGE_STANDARD = gnu11;
				GCC_DYNAMIC_NO_PIC = NO;
				GCC_NO_COMMON_BLOCKS = YES;
				GCC_OPTIMIZATION_LEVEL = 0;
				GCC_PREPROCESSOR_DEFINITIONS = (
					"DEBUG=1",
					"$(inherited)",
				);
				GCC_WARN_64_TO_32_BIT_CONVERSION = YES;
				GCC_WARN_ABOUT_RETURN_TYPE = YES_ERROR;
				GCC_WARN_UNDECLARED_SELECTOR = YES;
				GCC_WARN_UNINITIALIZED_AUTOS = YES_AGGRESSIVE;
				GCC_WARN_UNUSED_FUNCTION = YES;
				GCC_WARN_UNUSED_VARIABLE = YES;
				IPHONEOS_DEPLOYMENT_TARGET = 16.4;
				MTL_ENABLE_DEBUG_INFO = INCLUDE_SOURCE;
				MTL_FAST_MATH = YES;
				ONLY_ACTIVE_ARCH = YES;
				SDKROOT = iphoneos;
				SWIFT_ACTIVE_COMPILATION_CONDITIONS = DEBUG;
				SWIFT_OPTIMIZATION_LEVEL = "-Onone";
			};
			name = Debug;
		};
		9F88E5EA29ED8A6B009F8B79 /* Release */ = {
			isa = XCBuildConfiguration;
			buildSettings = {
				ALWAYS_SEARCH_USER_PATHS = NO;
				CLANG_ANALYZER_NONNULL = YES;
				CLANG_ANALYZER_NUMBER_OBJECT_CONVERSION = YES_AGGRESSIVE;
				CLANG_CXX_LANGUAGE_STANDARD = "gnu++20";
				CLANG_ENABLE_MODULES = YES;
				CLANG_ENABLE_OBJC_ARC = YES;
				CLANG_ENABLE_OBJC_WEAK = YES;
				CLANG_WARN_BLOCK_CAPTURE_AUTORELEASING = YES;
				CLANG_WARN_BOOL_CONVERSION = YES;
				CLANG_WARN_COMMA = YES;
				CLANG_WARN_CONSTANT_CONVERSION = YES;
				CLANG_WARN_DEPRECATED_OBJC_IMPLEMENTATIONS = YES;
				CLANG_WARN_DIRECT_OBJC_ISA_USAGE = YES_ERROR;
				CLANG_WARN_DOCUMENTATION_COMMENTS = YES;
				CLANG_WARN_EMPTY_BODY = YES;
				CLANG_WARN_ENUM_CONVERSION = YES;
				CLANG_WARN_INFINITE_RECURSION = YES;
				CLANG_WARN_INT_CONVERSION = YES;
				CLANG_WARN_NON_LITERAL_NULL_CONVERSION = YES;
				CLANG_WARN_OBJC_IMPLICIT_RETAIN_SELF = YES;
				CLANG_WARN_OBJC_LITERAL_CONVERSION = YES;
				CLANG_WARN_OBJC_ROOT_CLASS = YES_ERROR;
				CLANG_WARN_QUOTED_INCLUDE_IN_FRAMEWORK_HEADER = YES;
				CLANG_WARN_RANGE_LOOP_ANALYSIS = YES;
				CLANG_WARN_STRICT_PROTOTYPES = YES;
				CLANG_WARN_SUSPICIOUS_MOVE = YES;
				CLANG_WARN_UNGUARDED_AVAILABILITY = YES_AGGRESSIVE;
				CLANG_WARN_UNREACHABLE_CODE = YES;
				CLANG_WARN__DUPLICATE_METHOD_MATCH = YES;
				COPY_PHASE_STRIP = NO;
				DEBUG_INFORMATION_FORMAT = "dwarf-with-dsym";
				ENABLE_NS_ASSERTIONS = NO;
				ENABLE_STRICT_OBJC_MSGSEND = YES;
				GCC_C_LANGUAGE_STANDARD = gnu11;
				GCC_NO_COMMON_BLOCKS = YES;
				GCC_WARN_64_TO_32_BIT_CONVERSION = YES;
				GCC_WARN_ABOUT_RETURN_TYPE = YES_ERROR;
				GCC_WARN_UNDECLARED_SELECTOR = YES;
				GCC_WARN_UNINITIALIZED_AUTOS = YES_AGGRESSIVE;
				GCC_WARN_UNUSED_FUNCTION = YES;
				GCC_WARN_UNUSED_VARIABLE = YES;
				IPHONEOS_DEPLOYMENT_TARGET = 16.4;
				MTL_ENABLE_DEBUG_INFO = NO;
				MTL_FAST_MATH = YES;
				SDKROOT = iphoneos;
				SWIFT_COMPILATION_MODE = wholemodule;
				SWIFT_OPTIMIZATION_LEVEL = "-O";
				VALIDATE_PRODUCT = YES;
			};
			name = Release;
		};
		9F88E5EC29ED8A6B009F8B79 /* Debug */ = {
			isa = XCBuildConfiguration;
			buildSettings = {
				ASSETCATALOG_COMPILER_APPICON_NAME = AppIcon;
				ASSETCATALOG_COMPILER_GLOBAL_ACCENT_COLOR_NAME = AccentColor;
				CODE_SIGN_IDENTITY = "Apple Development";
				CODE_SIGN_STYLE = Automatic;
				CURRENT_PROJECT_VERSION = 1;
				DEVELOPMENT_TEAM = "";
				GENERATE_INFOPLIST_FILE = YES;
				INFOPLIST_FILE = "Meal Planner/Info.plist";
				INFOPLIST_KEY_UIApplicationSupportsIndirectInputEvents = YES;
				INFOPLIST_KEY_UILaunchStoryboardName = LaunchScreen;
				INFOPLIST_KEY_UIMainStoryboardFile = Main;
				INFOPLIST_KEY_UISupportedInterfaceOrientations_iPad = "UIInterfaceOrientationPortrait UIInterfaceOrientationPortraitUpsideDown UIInterfaceOrientationLandscapeLeft UIInterfaceOrientationLandscapeRight";
				INFOPLIST_KEY_UISupportedInterfaceOrientations_iPhone = "UIInterfaceOrientationPortrait UIInterfaceOrientationLandscapeLeft UIInterfaceOrientationLandscapeRight";
				IPHONEOS_DEPLOYMENT_TARGET = 16.0;
				LD_RUNPATH_SEARCH_PATHS = (
					"$(inherited)",
					"@executable_path/Frameworks",
				);
				MARKETING_VERSION = 1.0;
				PRODUCT_BUNDLE_IDENTIFIER = "self.Meal-Planner";
				PRODUCT_NAME = "$(TARGET_NAME)";
				PROVISIONING_PROFILE_SPECIFIER = "";
				SWIFT_EMIT_LOC_STRINGS = YES;
				SWIFT_VERSION = 5.0;
				TARGETED_DEVICE_FAMILY = "1,2";
			};
			name = Debug;
		};
		9F88E5ED29ED8A6B009F8B79 /* Release */ = {
			isa = XCBuildConfiguration;
			buildSettings = {
				ASSETCATALOG_COMPILER_APPICON_NAME = AppIcon;
				ASSETCATALOG_COMPILER_GLOBAL_ACCENT_COLOR_NAME = AccentColor;
				CODE_SIGN_IDENTITY = "Apple Development";
				CODE_SIGN_STYLE = Automatic;
				CURRENT_PROJECT_VERSION = 1;
				DEVELOPMENT_TEAM = "";
				GENERATE_INFOPLIST_FILE = YES;
				INFOPLIST_FILE = "Meal Planner/Info.plist";
				INFOPLIST_KEY_UIApplicationSupportsIndirectInputEvents = YES;
				INFOPLIST_KEY_UILaunchStoryboardName = LaunchScreen;
				INFOPLIST_KEY_UIMainStoryboardFile = Main;
				INFOPLIST_KEY_UISupportedInterfaceOrientations_iPad = "UIInterfaceOrientationPortrait UIInterfaceOrientationPortraitUpsideDown UIInterfaceOrientationLandscapeLeft UIInterfaceOrientationLandscapeRight";
				INFOPLIST_KEY_UISupportedInterfaceOrientations_iPhone = "UIInterfaceOrientationPortrait UIInterfaceOrientationLandscapeLeft UIInterfaceOrientationLandscapeRight";
				IPHONEOS_DEPLOYMENT_TARGET = 16.0;
				LD_RUNPATH_SEARCH_PATHS = (
					"$(inherited)",
					"@executable_path/Frameworks",
				);
				MARKETING_VERSION = 1.0;
				PRODUCT_BUNDLE_IDENTIFIER = "self.Meal-Planner";
				PRODUCT_NAME = "$(TARGET_NAME)";
				PROVISIONING_PROFILE_SPECIFIER = "";
				SWIFT_EMIT_LOC_STRINGS = YES;
				SWIFT_VERSION = 5.0;
				TARGETED_DEVICE_FAMILY = "1,2";
			};
			name = Release;
		};
/* End XCBuildConfiguration section */

/* Begin XCConfigurationList section */
		9F88E5D229ED8A6A009F8B79 /* Build configuration list for PBXProject "Meal Planner" */ = {
			isa = XCConfigurationList;
			buildConfigurations = (
				9F88E5E929ED8A6B009F8B79 /* Debug */,
				9F88E5EA29ED8A6B009F8B79 /* Release */,
			);
			defaultConfigurationIsVisible = 0;
			defaultConfigurationName = Release;
		};
		9F88E5EB29ED8A6B009F8B79 /* Build configuration list for PBXNativeTarget "Meal Planner" */ = {
			isa = XCConfigurationList;
			buildConfigurations = (
				9F88E5EC29ED8A6B009F8B79 /* Debug */,
				9F88E5ED29ED8A6B009F8B79 /* Release */,
			);
			defaultConfigurationIsVisible = 0;
			defaultConfigurationName = Release;
		};
/* End XCConfigurationList section */
	};
	rootObject = 9F88E5CF29ED8A6A009F8B79 /* Project object */;
}
